{
  "name": "@stackline/vue-highcharts-docs-vue2-2-0-0",
  "version": "1.0.0",
  "lockfileVersion": 3,
  "requires": true,
  "packages": {
    "": {
      "name": "@stackline/vue-highcharts-docs-vue2-2-0-0",
      "version": "1.0.0",
      "dependencies": {
        "@stackline/vue-highcharts": "file:../../..",
        "highcharts": "12.5.0",
        "vue": "2.0.0"
      },
      "devDependencies": {}
    },
    "../../..": {
      "name": "@stackline/vue-highcharts",
      "version": "3.0.0",
      "license": "MIT",
      "devDependencies": {
        "highcharts": "12.5.0",
        "tsup": "8.5.1",
        "typescript": "5.9.3",
        "vue": "3.5.32"
      },
      "peerDependencies": {
        "highcharts": ">=12.5.0",
        "vue": ">=3.0.0 <4.0.0"
      }
    },
    "node_modules/@stackline/vue-highcharts": {
      "resolved": "../../..",
      "link": true
    },
    "node_modules/highcharts": {
      "version": "12.5.0",
      "resolved": "https://registry.npmjs.org/highcharts/-/highcharts-12.5.0.tgz",
      "integrity": "sha512-uNSSv1KqRLNvkyXlf1FbeGWB1mJ/8/IYpVeqYiTIop5Wo8peUvNyzUfLa58vILsmXyz+XrETtgKIEOcSgBBKuQ==",
      "license": "https://www.highcharts.com/license",
      "peerDependencies": {
        "jspdf": "^3.0.0",
        "svg2pdf.js": "^2.6.0"
      },
      "peerDependenciesMeta": {
        "jspdf": {
          "optional": true
        },
        "svg2pdf.js": {
          "optional": true
        }
      }
    },
    "node_modules/vue": {
      "version": "2.0.0",
      "resolved": "https://registry.npmjs.org/vue/-/vue-2.0.0.tgz",
      "integrity": "sha512-R3ofC6v51hVoSJ7t/lVg6RURSLZAcrf8pabotpFZVqaVEB6s7D+GFFobm/6HXQJU9P7/pNq43ZVFEQdt7PK6YQ==",
      "deprecated": "Vue 2 has reached EOL and is no longer actively maintained. See https://v2.vuejs.org/eol/ for more details.",
      "license": "MIT"
    }
  }
}
